// !$*UTF8*$!
{
	archiveVersion = 1;
	classes = {
	};
	objectVersion = 50;
	objects = {

/* Begin PBXBuildFile section */
		46BE6C1924C3275C00E743F9 /* AppDelegate.swift in Sources */ = {isa = PBXBuildFile; fileRef = 46BE6C1824C3275C00E743F9 /* AppDelegate.swift */; };
		46BE6C1B24C3275C00E743F9 /* SceneDelegate.swift in Sources */ = {isa = PBXBuildFile; fileRef = 46BE6C1A24C3275C00E743F9 /* SceneDelegate.swift */; };
		46BE6C1D24C3275C00E743F9 /* ViewController.swift in Sources */ = {isa = PBXBuildFile; fileRef = 46BE6C1C24C3275C00E743F9 /* ViewController.swift */; };
		46BE6C2024C3275C00E743F9 /* Main.storyboard in Resources */ = {isa = PBXBuildFile; fileRef = 46BE6C1E24C3275C00E743F9 /* Main.storyboard */; };
		46BE6C2224C3275E00E743F9 /* Assets.xcassets in Resources */ = {isa = PBXBuildFile; fileRef = 46BE6C2124C3275E00E743F9 /* Assets.xcassets */; };
		46BE6C2524C3275E00E743F9 /* LaunchScreen.storyboard in Resources */ = {isa = PBXBuildFile; fileRef = 46BE6C2324C3275E00E743F9 /* LaunchScreen.storyboard */; };
		46BE6C3024C3275E00E743F9 /* Inner_PeaceTests.swift in Sources */ = {isa = PBXBuildFile; fileRef = 46BE6C2F24C3275E00E743F9 /* Inner_PeaceTests.swift */; };
/* End PBXBuildFile section */

/* Begin PBXContainerItemProxy section */
		46BE6C2C24C3275E00E743F9 /* PBXContainerItemProxy */ = {
			isa = PBXContainerItemProxy;
			containerPortal = 46BE6C0D24C3275B00E743F9 /* Project object */;
			proxyType = 1;
			remoteGlobalIDString = 46BE6C1424C3275B00E743F9;
			remoteInfo = "Inner Peace";
		};
/* End PBXContainerItemProxy section */

/* Begin PBXFileReference section */
		46BE6C1524C3275C00E743F9 /* Inner Peace.app */ = {isa = PBXFileReference; explicitFileType = wrapper.application; includeInIndex = 0; path = "Inner Peace.app"; sourceTree = BUILT_PRODUCTS_DIR; };
		46BE6C1824C3275C00E743F9 /* AppDelegate.swift */ = {isa = PBXFileReference; lastKnownFileType = sourcecode.swift; path = AppDelegate.swift; sourceTree = "<group>"; };
		46BE6C1A24C3275C00E743F9 /* SceneDelegate.swift */ = {isa = PBXFileReference; lastKnownFileType = sourcecode.swift; path = SceneDelegate.swift; sourceTree = "<group>"; };
		46BE6C1C24C3275C00E743F9 /* ViewController.swift */ = {isa = PBXFileReference; lastKnownFileType = sourcecode.swift; path = ViewController.swift; sourceTree = "<group>"; };
		46BE6C1F24C3275C00E743F9 /* Base */ = {isa = PBXFileReference; lastKnownFileType = file.storyboard; name = Base; path = Base.lproj/Main.storyboard; sourceTree = "<group>"; };
		46BE6C2124C3275E00E743F9 /* Assets.xcassets */ = {isa = PBXFileReference; lastKnownFileType = folder.assetcatalog; path = Assets.xcassets; sourceTree = "<group>"; };
		46BE6C2424C3275E00E743F9 /* Base */ = {isa = PBXFileReference; lastKnownFileType = file.storyboard; name = Base; path = Base.lproj/LaunchScreen.storyboard; sourceTree = "<group>"; };
		46BE6C2624C3275E00E743F9 /* Info.plist */ = {isa = PBXFileReference; lastKnownFileType = text.plist.xml; path = Info.plist; sourceTree = "<group>"; };
		46BE6C2B24C3275E00E743F9 /* Inner PeaceTests.xctest */ = {isa = PBXFileReference; explicitFileType = wrapper.cfbundle; includeInIndex = 0; path = "Inner PeaceTests.xctest"; sourceTree = BUILT_PRODUCTS_DIR; };
		46BE6C2F24C3275E00E743F9 /* Inner_PeaceTests.swift */ = {isa = PBXFileReference; lastKnownFileType = sourcecode.swift; path = Inner_PeaceTests.swift; sourceTree = "<group>"; };
		46BE6C3124C3275E00E743F9 /* Info.plist */ = {isa = PBXFileReference; lastKnownFileType = text.plist.xml; path = Info.plist; sourceTree = "<group>"; };
/* End PBXFileReference section */

/* Begin PBXFrameworksBuildPhase section */
		46BE6C1224C3275B00E743F9 /* Frameworks */ = {
			isa = PBXFrameworksBuildPhase;
			buildActionMask = 2147483647;
			files = (
			);
			runOnlyForDeploymentPostprocessing = 0;
		};
		46BE6C2824C3275E00E743F9 /* Frameworks */ = {
			isa = PBXFrameworksBuildPhase;
			buildActionMask = 2147483647;
			files = (
			);
			runOnlyForDeploymentPostprocessing = 0;
		};
/* End PBXFrameworksBuildPhase section */

/* Begin PBXGroup section */
		46BE6C0C24C3275B00E743F9 = {
			isa = PBXGroup;
			children = (
				46BE6C1724C3275C00E743F9 /* Inner Peace */,
				46BE6C2E24C3275E00E743F9 /* Inner PeaceTests */,
				46BE6C1624C3275C00E743F9 /* Products */,
			);
			sourceTree = "<group>";
		};
		46BE6C1624C3275C00E743F9 /* Products */ = {
			isa = PBXGroup;
			children = (
				46BE6C1524C3275C00E743F9 /* Inner Peace.app */,
				46BE6C2B24C3275E00E743F9 /* Inner PeaceTests.xctest */,
			);
			name = Products;
			sourceTree = "<group>";
		};
		46BE6C1724C3275C00E743F9 /* Inner Peace */ = {
			isa = PBXGroup;
			children = (
				46BE6C1824C3275C00E743F9 /* AppDelegate.swift */,
				46BE6C1A24C3275C00E743F9 /* SceneDelegate.swift */,
				46BE6C1C24C3275C00E743F9 /* ViewController.swift */,
				46BE6C1E24C3275C00E743F9 /* Main.storyboard */,
				46BE6C2124C3275E00E743F9 /* Assets.xcassets */,
				46BE6C2324C3275E00E743F9 /* LaunchScreen.storyboard */,
				46BE6C2624C3275E00E743F9 /* Info.plist */,
			);
			path = "Inner Peace";
			sourceTree = "<group>";
		};
		46BE6C2E24C3275E00E743F9 /* Inner PeaceTests */ = {
			isa = PBXGroup;
			children = (
				46BE6C2F24C3275E00E743F9 /* Inner_PeaceTests.swift */,
				46BE6C3124C3275E00E743F9 /* Info.plist */,
			);
			path = "Inner PeaceTests";
			sourceTree = "<group>";
		};
/* End PBXGroup section */

/* Begin PBXNativeTarget section */
		46BE6C1424C3275B00E743F9 /* Inner Peace */ = {
			isa = PBXNativeTarget;
			buildConfigurationList = 46BE6C3424C3275E00E743F9 /* Build configuration list for PBXNativeTarget "Inner Peace" */;
			buildPhases = (
				46BE6C1124C3275B00E743F9 /* Sources */,
				46BE6C1224C3275B00E743F9 /* Frameworks */,
				46BE6C1324C3275B00E743F9 /* Resources */,
			);
			buildRules = (
			);
			dependencies = (
			);
			name = "Inner Peace";
			productName = "Inner Peace";
			productReference = 46BE6C1524C3275C00E743F9 /* Inner Peace.app */;
			productType = "com.apple.product-type.application";
		};
		46BE6C2A24C3275E00E743F9 /* Inner PeaceTests */ = {
			isa = PBXNativeTarget;
			buildConfigurationList = 46BE6C3724C3275E00E743F9 /* Build configuration list for PBXNativeTarget "Inner PeaceTests" */;
			buildPhases = (
				46BE6C2724C3275E00E743F9 /* Sources */,
				46BE6C2824C3275E00E743F9 /* Frameworks */,
				46BE6C2924C3275E00E743F9 /* Resources */,
			);
			buildRules = (
			);
			dependencies = (
				46BE6C2D24C3275E00E743F9 /* PBXTargetDependency */,
			);
			name = "Inner PeaceTests";
			productName = "Inner PeaceTests";
			productReference = 46BE6C2B24C3275E00E743F9 /* Inner PeaceTests.xctest */;
			productType = "com.apple.product-type.bundle.unit-test";
		};
/* End PBXNativeTarget section */

/* Begin PBXProject section */
		46BE6C0D24C3275B00E743F9 /* Project object */ = {
			isa = PBXProject;
			attributes = {
				LastSwiftUpdateCheck = 1160;
				LastUpgradeCheck = 1160;
				ORGANIZATIONNAME = "Oliver Lippold";
				TargetAttributes = {
					46BE6C1424C3275B00E743F9 = {
						CreatedOnToolsVersion = 11.6;
					};
					46BE6C2A24C3275E00E743F9 = {
						CreatedOnToolsVersion = 11.6;
						TestTargetID = 46BE6C1424C3275B00E743F9;
					};
				};
			};
			buildConfigurationList = 46BE6C1024C3275B00E743F9 /* Build configuration list for PBXProject "Inner Peace" */;
			compatibilityVersion = "Xcode 9.3";
			developmentRegion = en;
			hasScannedForEncodings = 0;
			knownRegions = (
				en,
				Base,
			);
			mainGroup = 46BE6C0C24C3275B00E743F9;
			productRefGroup = 46BE6C1624C3275C00E743F9 /* Products */;
			projectDirPath = "";
			projectRoot = "";
			targets = (
				46BE6C1424C3275B00E743F9 /* Inner Peace */,
				46BE6C2A24C3275E00E743F9 /* Inner PeaceTests */,
			);
		};
/* End PBXProject section */

/* Begin PBXResourcesBuildPhase section */
		46BE6C1324C3275B00E743F9 /* Resources */ = {
			isa = PBXResourcesBuildPhase;
			buildActionMask = 2147483647;
			files = (
				46BE6C2524C3275E00E743F9 /* LaunchScreen.storyboard in Resources */,
				46BE6C2224C3275E00E743F9 /* Assets.xcassets in Resources */,
				46BE6C2024C3275C00E743F9 /* Main.storyboard in Resources */,
			);
			runOnlyForDeploymentPostprocessing = 0;
		};
		46BE6C2924C3275E00E743F9 /* Resources */ = {
			isa = PBXResourcesBuildPhase;
			buildActionMask = 2147483647;
			files = (
			);
			runOnlyForDeploymentPostprocessing = 0;
		};
/* End PBXResourcesBuildPhase section */

/* Begin PBXSourcesBuildPhase section */
		46BE6C1124C3275B00E743F9 /* Sources */ = {
			isa = PBXSourcesBuildPhase;
			buildActionMask = 2147483647;
			files = (
				46BE6C1D24C3275C00E743F9 /* ViewController.swift in Sources */,
				46BE6C1924C3275C00E743F9 /* AppDelegate.swift in Sources */,
				46BE6C1B24C3275C00E743F9 /* SceneDelegate.swift in Sources */,
			);
			runOnlyForDeploymentPostprocessing = 0;
		};
		46BE6C2724C3275E00E743F9 /* Sources */ = {
			isa = PBXSourcesBuildPhase;
			buildActionMask = 2147483647;
			files = (
				46BE6C3024C3275E00E743F9 /* Inner_PeaceTests.swift in Sources */,
			);
			runOnlyForDeploymentPostprocessing = 0;
		};
/* End PBXSourcesBuildPhase section */

/* Begin PBXTargetDependency section */
		46BE6C2D24C3275E00E743F9 /* PBXTargetDependency */ = {
			isa = PBXTargetDependency;
			target = 46BE6C1424C3275B00E743F9 /* Inner Peace */;
			targetProxy = 46BE6C2C24C3275E00E743F9 /* PBXContainerItemProxy */;
		};
/* End PBXTargetDependency section */

/* Begin PBXVariantGroup section */
		46BE6C1E24C3275C00E743F9 /* Main.storyboard */ = {
			isa = PBXVariantGroup;
			children = (
				46BE6C1F24C3275C00E743F9 /* Base */,
			);
			name = Main.storyboard;
			sourceTree = "<group>";
		};
		46BE6C2324C3275E00E743F9 /* LaunchScreen.storyboard */ = {
			isa = PBXVariantGroup;
			children = (
				46BE6C2424C3275E00E743F9 /* Base */,
			);
			name = LaunchScreen.storyboard;
			sourceTree = "<group>";
		};
/* End PBXVariantGroup section */

/* Begin XCBuildConfiguration section */
		46BE6C3224C3275E00E743F9 /* Debug */ = {
			isa = XCBuildConfiguration;
			buildSettings = {
				ALWAYS_SEARCH_USER_PATHS = NO;
				CLANG_ANALYZER_NONNULL = YES;
				CLANG_ANALYZER_NUMBER_OBJECT_CONVERSION = YES_AGGRESSIVE;
				CLANG_CXX_LANGUAGE_STANDARD = "gnu++14";
				CLANG_CXX_LIBRARY = "libc++";
				CLANG_ENABLE_MODULES = YES;
				CLANG_ENABLE_OBJC_ARC = YES;
				CLANG_ENABLE_OBJC_WEAK = YES;
				CLANG_WARN_BLOCK_CAPTURE_AUTORELEASING = YES;
				CLANG_WARN_BOOL_CONVERSION = YES;
				CLANG_WARN_COMMA = YES;
				CLANG_WARN_CONSTANT_CONVERSION = YES;
				CLANG_WARN_DEPRECATED_OBJC_IMPLEMENTATIONS = YES;
				CLANG_WARN_DIRECT_OBJC_ISA_USAGE = YES_ERROR;
				CLANG_WARN_DOCUMENTATION_COMMENTS = YES;
				CLANG_WARN_EMPTY_BODY = YES;
				CLANG_WARN_ENUM_CONVERSION = YES;
				CLANG_WARN_INFINITE_RECURSION = YES;
				CLANG_WARN_INT_CONVERSION = YES;
				CLANG_WARN_NON_LITERAL_NULL_CONVERSION = YES;
				CLANG_WARN_OBJC_IMPLICIT_RETAIN_SELF = YES;
				CLANG_WARN_OBJC_LITERAL_CONVERSION = YES;
				CLANG_WARN_OBJC_ROOT_CLASS = YES_ERROR;
				CLANG_WARN_RANGE_LOOP_ANALYSIS = YES;
				CLANG_WARN_STRICT_PROTOTYPES = YES;
				CLANG_WARN_SUSPICIOUS_MOVE = YES;
				CLANG_WARN_UNGUARDED_AVAILABILITY = YES_AGGRESSIVE;
				CLANG_WARN_UNREACHABLE_CODE = YES;
				CLANG_WARN__DUPLICATE_METHOD_MATCH = YES;
				COPY_PHASE_STRIP = NO;
				DEBUG_INFORMATION_FORMAT = dwarf;
				ENABLE_STRICT_OBJC_MSGSEND = YES;
				ENABLE_TESTABILITY = YES;
				GCC_C_LANGUAGE_STANDARD = gnu11;
				GCC_DYNAMIC_NO_PIC = NO;
				GCC_NO_COMMON_BLOCKS = YES;
				GCC_OPTIMIZATION_LEVEL = 0;
				GCC_PREPROCESSOR_DEFINITIONS = (
					"DEBUG=1",
					"$(inherited)",
				);
				GCC_WARN_64_TO_32_BIT_CONVERSION = YES;
				GCC_WARN_ABOUT_RETURN_TYPE = YES_ERROR;
				GCC_WARN_UNDECLARED_SELECTOR = YES;
				GCC_WARN_UNINITIALIZED_AUTOS = YES_AGGRESSIVE;
				GCC_WARN_UNUSED_FUNCTION = YES;
				GCC_WARN_UNUSED_VARIABLE = YES;
				IPHONEOS_DEPLOYMENT_TARGET = 13.6;
				MTL_ENABLE_DEBUG_INFO = INCLUDE_SOURCE;
				MTL_FAST_MATH = YES;
				ONLY_ACTIVE_ARCH = YES;
				SDKROOT = iphoneos;
				SWIFT_ACTIVE_COMPILATION_CONDITIONS = DEBUG;
				SWIFT_OPTIMIZATION_LEVEL = "-Onone";
			};
			name = Debug;
		};
		46BE6C3324C3275E00E743F9 /* Release */ = {
			isa = XCBuildConfiguration;
			buildSettings = {
				ALWAYS_SEARCH_USER_PATHS = NO;
				CLANG_ANALYZER_NONNULL = YES;
				CLANG_ANALYZER_NUMBER_OBJECT_CONVERSION = YES_AGGRESSIVE;
				CLANG_CXX_LANGUAGE_STANDARD = "gnu++14";
				CLANG_CXX_LIBRARY = "libc++";
				CLANG_ENABLE_MODULES = YES;
				CLANG_ENABLE_OBJC_ARC = YES;
				CLANG_ENABLE_OBJC_WEAK = YES;
				CLANG_WARN_BLOCK_CAPTURE_AUTORELEASING = YES;
				CLANG_WARN_BOOL_CONVERSION = YES;
				CLANG_WARN_COMMA = YES;
				CLANG_WARN_CONSTANT_CONVERSION = YES;
				CLANG_WARN_DEPRECATED_OBJC_IMPLEMENTATIONS = YES;
				CLANG_WARN_DIRECT_OBJC_ISA_USAGE = YES_ERROR;
				CLANG_WARN_DOCUMENTATION_COMMENTS = YES;
				CLANG_WARN_EMPTY_BODY = YES;
				CLANG_WARN_ENUM_CONVERSION = YES;
				CLANG_WARN_INFINITE_RECURSION = YES;
				CLANG_WARN_INT_CONVERSION = YES;
				CLANG_WARN_NON_LITERAL_NULL_CONVERSION = YES;
				CLANG_WARN_OBJC_IMPLICIT_RETAIN_SELF = YES;
				CLANG_WARN_OBJC_LITERAL_CONVERSION = YES;
				CLANG_WARN_OBJC_ROOT_CLASS = YES_ERROR;
				CLANG_WARN_RANGE_LOOP_ANALYSIS = YES;
				CLANG_WARN_STRICT_PROTOTYPES = YES;
				CLANG_WARN_SUSPICIOUS_MOVE = YES;
				CLANG_WARN_UNGUARDED_AVAILABILITY = YES_AGGRESSIVE;
				CLANG_WARN_UNREACHABLE_CODE = YES;
				CLANG_WARN__DUPLICATE_METHOD_MATCH = YES;
				COPY_PHASE_STRIP = NO;
				DEBUG_INFORMATION_FORMAT = "dwarf-with-dsym";
				ENABLE_NS_ASSERTIONS = NO;
				ENABLE_STRICT_OBJC_MSGSEND = YES;
				GCC_C_LANGUAGE_STANDARD = gnu11;
				GCC_NO_COMMON_BLOCKS = YES;
				GCC_WARN_64_TO_32_BIT_CONVERSION = YES;
				GCC_WARN_ABOUT_RETURN_TYPE = YES_ERROR;
				GCC_WARN_UNDECLARED_SELECTOR = YES;
				GCC_WARN_UNINITIALIZED_AUTOS = YES_AGGRESSIVE;
				GCC_WARN_UNUSED_FUNCTION = YES;
				GCC_WARN_UNUSED_VARIABLE = YES;
				IPHONEOS_DEPLOYMENT_TARGET = 13.6;
				MTL_ENABLE_DEBUG_INFO = NO;
				MTL_FAST_MATH = YES;
				SDKROOT = iphoneos;
				SWIFT_COMPILATION_MODE = wholemodule;
				SWIFT_OPTIMIZATION_LEVEL = "-O";
				VALIDATE_PRODUCT = YES;
			};
			name = Release;
		};
		46BE6C3524C3275E00E743F9 /* Debug */ = {
			isa = XCBuildConfiguration;
			buildSettings = {
				ASSETCATALOG_COMPILER_APPICON_NAME = AppIcon;
				CODE_SIGN_STYLE = Automatic;
				DEVELOPMENT_TEAM = 73MP3ATTJU;
				INFOPLIST_FILE = "Inner Peace/Info.plist";
				LD_RUNPATH_SEARCH_PATHS = (
					"$(inherited)",
					"@executable_path/Frameworks",
				);
				PRODUCT_BUNDLE_IDENTIFIER = "com.lodgeblaid.Inner-Peace";
				PRODUCT_NAME = "$(TARGET_NAME)";
				SWIFT_VERSION = 5.0;
				TARGETED_DEVICE_FAMILY = "1,2";
			};
			name = Debug;
		};
		46BE6C3624C3275E00E743F9 /* Release */ = {
			isa = XCBuildConfiguration;
			buildSettings = {
				ASSETCATALOG_COMPILER_APPICON_NAME = AppIcon;
				CODE_SIGN_STYLE = Automatic;
				DEVELOPMENT_TEAM = 73MP3ATTJU;
				INFOPLIST_FILE = "Inner Peace/Info.plist";
				LD_RUNPATH_SEARCH_PATHS = (
					"$(inherited)",
					"@executable_path/Frameworks",
				);
				PRODUCT_BUNDLE_IDENTIFIER = "com.lodgeblaid.Inner-Peace";
				PRODUCT_NAME = "$(TARGET_NAME)";
				SWIFT_VERSION = 5.0;
				TARGETED_DEVICE_FAMILY = "1,2";
			};
			name = Release;
		};
		46BE6C3824C3275E00E743F9 /* Debug */ = {
			isa = XCBuildConfiguration;
			buildSettings = {
				ALWAYS_EMBED_SWIFT_STANDARD_LIBRARIES = YES;
				BUNDLE_LOADER = "$(TEST_HOST)";
				CODE_SIGN_STYLE = Automatic;
				DEVELOPMENT_TEAM = 73MP3ATTJU;
				INFOPLIST_FILE = "Inner PeaceTests/Info.plist";
				IPHONEOS_DEPLOYMENT_TARGET = 13.6;
				LD_RUNPATH_SEARCH_PATHS = (
					"$(inherited)",
					"@executable_path/Frameworks",
					"@loader_path/Frameworks",
				);
				PRODUCT_BUNDLE_IDENTIFIER = "com.lodgeblaid.Inner-PeaceTests";
				PRODUCT_NAME = "$(TARGET_NAME)";
				SWIFT_VERSION = 5.0;
				TARGETED_DEVICE_FAMILY = "1,2";
				TEST_HOST = "$(BUILT_PRODUCTS_DIR)/Inner Peace.app/Inner Peace";
			};
			name = Debug;
		};
		46BE6C3924C3275E00E743F9 /* Release */ = {
			isa = XCBuildConfiguration;
			buildSettings = {
				ALWAYS_EMBED_SWIFT_STANDARD_LIBRARIES = YES;
				BUNDLE_LOADER = "$(TEST_HOST)";
				CODE_SIGN_STYLE = Automatic;
				DEVELOPMENT_TEAM = 73MP3ATTJU;
				INFOPLIST_FILE = "Inner PeaceTests/Info.plist";
				IPHONEOS_DEPLOYMENT_TARGET = 13.6;
				LD_RUNPATH_SEARCH_PATHS = (
					"$(inherited)",
					"@executable_path/Frameworks",
					"@loader_path/Frameworks",
				);
				PRODUCT_BUNDLE_IDENTIFIER = "com.lodgeblaid.Inner-PeaceTests";
				PRODUCT_NAME = "$(TARGET_NAME)";
				SWIFT_VERSION = 5.0;
				TARGETED_DEVICE_FAMILY = "1,2";
				TEST_HOST = "$(BUILT_PRODUCTS_DIR)/Inner Peace.app/Inner Peace";
			};
			name = Release;
		};
/* End XCBuildConfiguration section */

/* Begin XCConfigurationList section */
		46BE6C1024C3275B00E743F9 /* Build configuration list for PBXProject "Inner Peace" */ = {
			isa = XCConfigurationList;
			buildConfigurations = (
				46BE6C3224C3275E00E743F9 /* Debug */,
				46BE6C3324C3275E00E743F9 /* Release */,
			);
			defaultConfigurationIsVisible = 0;
			defaultConfigurationName = Release;
		};
		46BE6C3424C3275E00E743F9 /* Build configuration list for PBXNativeTarget "Inner Peace" */ = {
			isa = XCConfigurationList;
			buildConfigurations = (
				46BE6C3524C3275E00E743F9 /* Debug */,
				46BE6C3624C3275E00E743F9 /* Release */,
			);
			defaultConfigurationIsVisible = 0;
			defaultConfigurationName = Release;
		};
		46BE6C3724C3275E00E743F9 /* Build configuration list for PBXNativeTarget "Inner PeaceTests" */ = {
			isa = XCConfigurationList;
			buildConfigurations = (
				46BE6C3824C3275E00E743F9 /* Debug */,
				46BE6C3924C3275E00E743F9 /* Release */,
			);
			defaultConfigurationIsVisible = 0;
			defaultConfigurationName = Release;
		};
/* End XCConfigurationList section */
	};
	rootObject = 46BE6C0D24C3275B00E743F9 /* Project object */;
}
